
Microsoft Visual Studio Solution File, Format Version 11.00
# Visual Studio 2010
Project("{FAE04EC0-301F-11D3-BF4B-00C04F79EFBC}") = "Assembly-CSharp", "Assembly-CSharp.csproj", "{8d7676f3-bfde-530d-bd58-be29bdc81cad}"
EndProject
Project("{FAE04EC0-301F-11D3-BF4B-00C04F79EFBC}") = "Assembly-CSharp-firstpass", "Assembly-CSharp-firstpass.csproj", "{bcb7ef9d-a95c-6430-3e8b-daf147dc3ed2}"
EndProject
Global
	GlobalSection(SolutionConfigurationPlatforms) = preSolution
		Debug|Any CPU = Debug|Any CPU
	EndGlobalSection
	GlobalSection(ProjectConfigurationPlatforms) = postSolution
		{8d7676f3-bfde-530d-bd58-be29bdc81cad}.Debug|Any CPU.ActiveCfg = Debug|Any CPU
		{8d7676f3-bfde-530d-bd58-be29bdc81cad}.Debug|Any CPU.Build.0 = Debug|Any CPU
		{bcb7ef9d-a95c-6430-3e8b-daf147dc3ed2}.Debug|Any CPU.ActiveCfg = Debug|Any CPU
		{bcb7ef9d-a95c-6430-3e8b-daf147dc3ed2}.Debug|Any CPU.Build.0 = Debug|Any CPU
	EndGlobalSection
	GlobalSection(SolutionProperties) = preSolution
		HideSolutionNode = FALSE
	EndGlobalSection
EndGlobal
